
Microsoft Visual Studio Solution File, Format Version 12.00
# Visual Studio Version 18
VisualStudioVersion = 18.0.11222.15
MinimumVisualStudioVersion = 10.0.40219.1
Project("{8BC9CEB8-8B4A-11D0-8D11-00A0C91BC942}") = "USL", "USL\USL.vcxproj", "{C1A6007D-EF35-40F9-8D6D-AAD7BCCA373E}"
EndProject
Project("{2150E333-8FDC-42A3-9474-1A3956D46DE8}") = "Solution Items", "Solution Items", "{8EC462FD-D22E-90A8-E5CE-7E832BA40C5D}"
	ProjectSection(SolutionItems) = preProject
		.editorconfig = .editorconfig
		codesnippids.txt = codesnippids.txt
		CodeStyles.txt = CodeStyles.txt
		README.md = README.md
		x64\Debug\test.txt = x64\Debug\test.txt
		USL_LANGUAGE_SPEC.docx = USL_LANGUAGE_SPEC.docx
	EndProjectSection
EndProject
Project("{8BC9CEB8-8B4A-11D0-8D11-00A0C91BC942}") = "USL_RUNTIME", "USL_RUNTIME\USL_RUNTIME.vcxproj", "{0ED1C1FB-4908-4C7B-965E-191764EF12BB}"
EndProject
Project("{8BC9CEB8-8B4A-11D0-8D11-00A0C91BC942}") = "USL_STD", "USL_STD\USL_STD.vcxproj", "{072A052B-F54B-41EB-846B-2380A8DB0FB6}"
EndProject
Project("{8BC9CEB8-8B4A-11D0-8D11-00A0C91BC942}") = "USL_LINKER", "USL_LINKER\USL_LINKER.vcxproj", "{168B39F7-B904-4E83-80D4-4EFBDB53F36E}"
EndProject
Project("{8BC9CEB8-8B4A-11D0-8D11-00A0C91BC942}") = "USL_ANTLR_PARSER", "USL_ANTLR_PARSER\USL_ANTLR_PARSER.vcxproj", "{35EC4D10-47B9-4ACB-9A2C-F7832C9AE78F}"
EndProject
Project("{FAE04EC0-301F-11D3-BF4B-00C04F79EFBC}") = "USL_INTEGRATION", "USL_INTEGRATION\USL_INTEGRATION.csproj", "{79331175-0FBF-4B2A-B311-F07B15ABCD41}"
EndProject
Project("{8BC9CEB8-8B4A-11D0-8D11-00A0C91BC942}") = "USL_INSTALLER", "USL_INSTALLER\USL_INSTALLER.vcxproj", "{94113D42-E9B1-41F0-B61A-7741D442E092}"
EndProject
Project("{8BC9CEB8-8B4A-11D0-8D11-00A0C91BC942}") = "USL_COMPILER_TESTS", "USL_COMPILER_TESTS\USL_COMPILER_TESTS.vcxproj", "{43724575-C520-5503-B89B-9CC81FE3364A}"
EndProject
Project("{8BC9CEB8-8B4A-11D0-8D11-00A0C91BC942}") = "USL_COMPILER", "USL_COMPILER\USL_COMPILER.vcxproj", "{6F2AD664-E866-4B22-8E82-92160B5B6EED}"
EndProject
Global
	GlobalSection(SolutionConfigurationPlatforms) = preSolution
		Debug_noDeubuger|Any CPU = Debug_noDeubuger|Any CPU
		Debug_noDeubuger|arm64 = Debug_noDeubuger|arm64
		Debug_noDeubuger|x64 = Debug_noDeubuger|x64
		Debug_noDeubuger|x86 = Debug_noDeubuger|x86
		Debug|Any CPU = Debug|Any CPU
		Debug|arm64 = Debug|arm64
		Debug|x64 = Debug|x64
		Debug|x86 = Debug|x86
		Release|Any CPU = Release|Any CPU
		Release|arm64 = Release|arm64
		Release|x64 = Release|x64
		Release|x86 = Release|x86
	EndGlobalSection
	GlobalSection(ProjectConfigurationPlatforms) = postSolution
		{C1A6007D-EF35-40F9-8D6D-AAD7BCCA373E}.Debug_noDeubuger|Any CPU.ActiveCfg = Debug_noDeubuger|x64
		{C1A6007D-EF35-40F9-8D6D-AAD7BCCA373E}.Debug_noDeubuger|Any CPU.Build.0 = Debug_noDeubuger|x64
		{C1A6007D-EF35-40F9-8D6D-AAD7BCCA373E}.Debug_noDeubuger|arm64.ActiveCfg = Debug_noDeubuger|x64
		{C1A6007D-EF35-40F9-8D6D-AAD7BCCA373E}.Debug_noDeubuger|arm64.Build.0 = Debug_noDeubuger|x64
		{C1A6007D-EF35-40F9-8D6D-AAD7BCCA373E}.Debug_noDeubuger|x64.ActiveCfg = Debug_noDeubuger|x64
		{C1A6007D-EF35-40F9-8D6D-AAD7BCCA373E}.Debug_noDeubuger|x64.Build.0 = Debug_noDeubuger|x64
		{C1A6007D-EF35-40F9-8D6D-AAD7BCCA373E}.Debug_noDeubuger|x86.ActiveCfg = Debug_noDeubuger|Win32
		{C1A6007D-EF35-40F9-8D6D-AAD7BCCA373E}.Debug_noDeubuger|x86.Build.0 = Debug_noDeubuger|Win32
		{C1A6007D-EF35-40F9-8D6D-AAD7BCCA373E}.Debug|Any CPU.ActiveCfg = Debug|x64
		{C1A6007D-EF35-40F9-8D6D-AAD7BCCA373E}.Debug|Any CPU.Build.0 = Debug|x64
		{C1A6007D-EF35-40F9-8D6D-AAD7BCCA373E}.Debug|arm64.ActiveCfg = Debug|x64
		{C1A6007D-EF35-40F9-8D6D-AAD7BCCA373E}.Debug|arm64.Build.0 = Debug|x64
		{C1A6007D-EF35-40F9-8D6D-AAD7BCCA373E}.Debug|x64.ActiveCfg = Debug|x64
		{C1A6007D-EF35-40F9-8D6D-AAD7BCCA373E}.Debug|x64.Build.0 = Debug|x64
		{C1A6007D-EF35-40F9-8D6D-AAD7BCCA373E}.Debug|x86.ActiveCfg = Debug|Win32
		{C1A6007D-EF35-40F9-8D6D-AAD7BCCA373E}.Debug|x86.Build.0 = Debug|Win32
		{C1A6007D-EF35-40F9-8D6D-AAD7BCCA373E}.Release|Any CPU.ActiveCfg = Release|x64
		{C1A6007D-EF35-40F9-8D6D-AAD7BCCA373E}.Release|Any CPU.Build.0 = Release|x64
		{C1A6007D-EF35-40F9-8D6D-AAD7BCCA373E}.Release|arm64.ActiveCfg = Release|x64
		{C1A6007D-EF35-40F9-8D6D-AAD7BCCA373E}.Release|arm64.Build.0 = Release|x64
		{C1A6007D-EF35-40F9-8D6D-AAD7BCCA373E}.Release|x64.ActiveCfg = Release|x64
		{C1A6007D-EF35-40F9-8D6D-AAD7BCCA373E}.Release|x64.Build.0 = Release|x64
		{C1A6007D-EF35-40F9-8D6D-AAD7BCCA373E}.Release|x86.ActiveCfg = Release|Win32
		{C1A6007D-EF35-40F9-8D6D-AAD7BCCA373E}.Release|x86.Build.0 = Release|Win32
		{0ED1C1FB-4908-4C7B-965E-191764EF12BB}.Debug_noDeubuger|Any CPU.ActiveCfg = Debug|x64
		{0ED1C1FB-4908-4C7B-965E-191764EF12BB}.Debug_noDeubuger|Any CPU.Build.0 = Debug|x64
		{0ED1C1FB-4908-4C7B-965E-191764EF12BB}.Debug_noDeubuger|arm64.ActiveCfg = Debug|x64
		{0ED1C1FB-4908-4C7B-965E-191764EF12BB}.Debug_noDeubuger|arm64.Build.0 = Debug|x64
		{0ED1C1FB-4908-4C7B-965E-191764EF12BB}.Debug_noDeubuger|x64.ActiveCfg = Debug|x64
		{0ED1C1FB-4908-4C7B-965E-191764EF12BB}.Debug_noDeubuger|x64.Build.0 = Debug|x64
		{0ED1C1FB-4908-4C7B-965E-191764EF12BB}.Debug_noDeubuger|x86.ActiveCfg = Debug|Win32
		{0ED1C1FB-4908-4C7B-965E-191764EF12BB}.Debug_noDeubuger|x86.Build.0 = Debug|Win32
		{0ED1C1FB-4908-4C7B-965E-191764EF12BB}.Debug|Any CPU.ActiveCfg = Debug|x64
		{0ED1C1FB-4908-4C7B-965E-191764EF12BB}.Debug|Any CPU.Build.0 = Debug|x64
		{0ED1C1FB-4908-4C7B-965E-191764EF12BB}.Debug|arm64.ActiveCfg = Debug|x64
		{0ED1C1FB-4908-4C7B-965E-191764EF12BB}.Debug|arm64.Build.0 = Debug|x64
		{0ED1C1FB-4908-4C7B-965E-191764EF12BB}.Debug|x64.ActiveCfg = Debug|x64
		{0ED1C1FB-4908-4C7B-965E-191764EF12BB}.Debug|x64.Build.0 = Debug|x64
		{0ED1C1FB-4908-4C7B-965E-191764EF12BB}.Debug|x86.ActiveCfg = Debug|Win32
		{0ED1C1FB-4908-4C7B-965E-191764EF12BB}.Debug|x86.Build.0 = Debug|Win32
		{0ED1C1FB-4908-4C7B-965E-191764EF12BB}.Release|Any CPU.ActiveCfg = Release|x64
		{0ED1C1FB-4908-4C7B-965E-191764EF12BB}.Release|Any CPU.Build.0 = Release|x64
		{0ED1C1FB-4908-4C7B-965E-191764EF12BB}.Release|arm64.ActiveCfg = Release|x64
		{0ED1C1FB-4908-4C7B-965E-191764EF12BB}.Release|arm64.Build.0 = Release|x64
		{0ED1C1FB-4908-4C7B-965E-191764EF12BB}.Release|x64.ActiveCfg = Release|x64
		{0ED1C1FB-4908-4C7B-965E-191764EF12BB}.Release|x64.Build.0 = Release|x64
		{0ED1C1FB-4908-4C7B-965E-191764EF12BB}.Release|x86.ActiveCfg = Release|Win32
		{0ED1C1FB-4908-4C7B-965E-191764EF12BB}.Release|x86.Build.0 = Release|Win32
		{072A052B-F54B-41EB-846B-2380A8DB0FB6}.Debug_noDeubuger|Any CPU.ActiveCfg = Debug|x64
		{072A052B-F54B-41EB-846B-2380A8DB0FB6}.Debug_noDeubuger|Any CPU.Build.0 = Debug|x64
		{072A052B-F54B-41EB-846B-2380A8DB0FB6}.Debug_noDeubuger|arm64.ActiveCfg = Debug|x64
		{072A052B-F54B-41EB-846B-2380A8DB0FB6}.Debug_noDeubuger|arm64.Build.0 = Debug|x64
		{072A052B-F54B-41EB-846B-2380A8DB0FB6}.Debug_noDeubuger|x64.ActiveCfg = Debug|x64
		{072A052B-F54B-41EB-846B-2380A8DB0FB6}.Debug_noDeubuger|x64.Build.0 = Debug|x64
		{072A052B-F54B-41EB-846B-2380A8DB0FB6}.Debug_noDeubuger|x86.ActiveCfg = Debug|Win32
		{072A052B-F54B-41EB-846B-2380A8DB0FB6}.Debug_noDeubuger|x86.Build.0 = Debug|Win32
		{072A052B-F54B-41EB-846B-2380A8DB0FB6}.Debug|Any CPU.ActiveCfg = Debug|x64
		{072A052B-F54B-41EB-846B-2380A8DB0FB6}.Debug|Any CPU.Build.0 = Debug|x64
		{072A052B-F54B-41EB-846B-2380A8DB0FB6}.Debug|arm64.ActiveCfg = Debug|x64
		{072A052B-F54B-41EB-846B-2380A8DB0FB6}.Debug|arm64.Build.0 = Debug|x64
		{072A052B-F54B-41EB-846B-2380A8DB0FB6}.Debug|x64.ActiveCfg = Debug|x64
		{072A052B-F54B-41EB-846B-2380A8DB0FB6}.Debug|x64.Build.0 = Debug|x64
		{072A052B-F54B-41EB-846B-2380A8DB0FB6}.Debug|x86.ActiveCfg = Debug|Win32
		{072A052B-F54B-41EB-846B-2380A8DB0FB6}.Debug|x86.Build.0 = Debug|Win32
		{072A052B-F54B-41EB-846B-2380A8DB0FB6}.Release|Any CPU.ActiveCfg = Release|x64
		{072A052B-F54B-41EB-846B-2380A8DB0FB6}.Release|Any CPU.Build.0 = Release|x64
		{072A052B-F54B-41EB-846B-2380A8DB0FB6}.Release|arm64.ActiveCfg = Release|x64
		{072A052B-F54B-41EB-846B-2380A8DB0FB6}.Release|arm64.Build.0 = Release|x64
		{072A052B-F54B-41EB-846B-2380A8DB0FB6}.Release|x64.ActiveCfg = Release|x64
		{072A052B-F54B-41EB-846B-2380A8DB0FB6}.Release|x64.Build.0 = Release|x64
		{072A052B-F54B-41EB-846B-2380A8DB0FB6}.Release|x86.ActiveCfg = Release|Win32
		{072A052B-F54B-41EB-846B-2380A8DB0FB6}.Release|x86.Build.0 = Release|Win32
		{168B39F7-B904-4E83-80D4-4EFBDB53F36E}.Debug_noDeubuger|Any CPU.ActiveCfg = Debug|x64
		{168B39F7-B904-4E83-80D4-4EFBDB53F36E}.Debug_noDeubuger|Any CPU.Build.0 = Debug|x64
		{168B39F7-B904-4E83-80D4-4EFBDB53F36E}.Debug_noDeubuger|arm64.ActiveCfg = Debug|x64
		{168B39F7-B904-4E83-80D4-4EFBDB53F36E}.Debug_noDeubuger|arm64.Build.0 = Debug|x64
		{168B39F7-B904-4E83-80D4-4EFBDB53F36E}.Debug_noDeubuger|x64.ActiveCfg = Debug|x64
		{168B39F7-B904-4E83-80D4-4EFBDB53F36E}.Debug_noDeubuger|x64.Build.0 = Debug|x64
		{168B39F7-B904-4E83-80D4-4EFBDB53F36E}.Debug_noDeubuger|x86.ActiveCfg = Debug|Win32
		{168B39F7-B904-4E83-80D4-4EFBDB53F36E}.Debug_noDeubuger|x86.Build.0 = Debug|Win32
		{168B39F7-B904-4E83-80D4-4EFBDB53F36E}.Debug|Any CPU.ActiveCfg = Debug|x64
		{168B39F7-B904-4E83-80D4-4EFBDB53F36E}.Debug|Any CPU.Build.0 = Debug|x64
		{168B39F7-B904-4E83-80D4-4EFBDB53F36E}.Debug|arm64.ActiveCfg = Debug|x64
		{168B39F7-B904-4E83-80D4-4EFBDB53F36E}.Debug|arm64.Build.0 = Debug|x64
		{168B39F7-B904-4E83-80D4-4EFBDB53F36E}.Debug|x64.ActiveCfg = Debug|x64
		{168B39F7-B904-4E83-80D4-4EFBDB53F36E}.Debug|x64.Build.0 = Debug|x64
		{168B39F7-B904-4E83-80D4-4EFBDB53F36E}.Debug|x86.ActiveCfg = Debug|Win32
		{168B39F7-B904-4E83-80D4-4EFBDB53F36E}.Debug|x86.Build.0 = Debug|Win32
		{168B39F7-B904-4E83-80D4-4EFBDB53F36E}.Release|Any CPU.ActiveCfg = Release|x64
		{168B39F7-B904-4E83-80D4-4EFBDB53F36E}.Release|Any CPU.Build.0 = Release|x64
		{168B39F7-B904-4E83-80D4-4EFBDB53F36E}.Release|arm64.ActiveCfg = Release|x64
		{168B39F7-B904-4E83-80D4-4EFBDB53F36E}.Release|arm64.Build.0 = Release|x64
		{168B39F7-B904-4E83-80D4-4EFBDB53F36E}.Release|x64.ActiveCfg = Release|x64
		{168B39F7-B904-4E83-80D4-4EFBDB53F36E}.Release|x64.Build.0 = Release|x64
		{168B39F7-B904-4E83-80D4-4EFBDB53F36E}.Release|x86.ActiveCfg = Release|Win32
		{168B39F7-B904-4E83-80D4-4EFBDB53F36E}.Release|x86.Build.0 = Release|Win32
		{35EC4D10-47B9-4ACB-9A2C-F7832C9AE78F}.Debug_noDeubuger|Any CPU.ActiveCfg = Debug|x64
		{35EC4D10-47B9-4ACB-9A2C-F7832C9AE78F}.Debug_noDeubuger|Any CPU.Build.0 = Debug|x64
		{35EC4D10-47B9-4ACB-9A2C-F7832C9AE78F}.Debug_noDeubuger|arm64.ActiveCfg = Debug|x64
		{35EC4D10-47B9-4ACB-9A2C-F7832C9AE78F}.Debug_noDeubuger|arm64.Build.0 = Debug|x64
		{35EC4D10-47B9-4ACB-9A2C-F7832C9AE78F}.Debug_noDeubuger|x64.ActiveCfg = Debug|x64
		{35EC4D10-47B9-4ACB-9A2C-F7832C9AE78F}.Debug_noDeubuger|x64.Build.0 = Debug|x64
		{35EC4D10-47B9-4ACB-9A2C-F7832C9AE78F}.Debug_noDeubuger|x86.ActiveCfg = Debug|Win32
		{35EC4D10-47B9-4ACB-9A2C-F7832C9AE78F}.Debug_noDeubuger|x86.Build.0 = Debug|Win32
		{35EC4D10-47B9-4ACB-9A2C-F7832C9AE78F}.Debug|Any CPU.ActiveCfg = Debug|x64
		{35EC4D10-47B9-4ACB-9A2C-F7832C9AE78F}.Debug|Any CPU.Build.0 = Debug|x64
		{35EC4D10-47B9-4ACB-9A2C-F7832C9AE78F}.Debug|arm64.ActiveCfg = Debug|x64
		{35EC4D10-47B9-4ACB-9A2C-F7832C9AE78F}.Debug|arm64.Build.0 = Debug|x64
		{35EC4D10-47B9-4ACB-9A2C-F7832C9AE78F}.Debug|x64.ActiveCfg = Debug|x64
		{35EC4D10-47B9-4ACB-9A2C-F7832C9AE78F}.Debug|x64.Build.0 = Debug|x64
		{35EC4D10-47B9-4ACB-9A2C-F7832C9AE78F}.Debug|x86.ActiveCfg = Debug|Win32
		{35EC4D10-47B9-4ACB-9A2C-F7832C9AE78F}.Debug|x86.Build.0 = Debug|Win32
		{35EC4D10-47B9-4ACB-9A2C-F7832C9AE78F}.Release|Any CPU.ActiveCfg = Release|x64
		{35EC4D10-47B9-4ACB-9A2C-F7832C9AE78F}.Release|Any CPU.Build.0 = Release|x64
		{35EC4D10-47B9-4ACB-9A2C-F7832C9AE78F}.Release|arm64.ActiveCfg = Release|x64
		{35EC4D10-47B9-4ACB-9A2C-F7832C9AE78F}.Release|arm64.Build.0 = Release|x64
		{35EC4D10-47B9-4ACB-9A2C-F7832C9AE78F}.Release|x64.ActiveCfg = Release|x64
		{35EC4D10-47B9-4ACB-9A2C-F7832C9AE78F}.Release|x64.Build.0 = Release|x64
		{35EC4D10-47B9-4ACB-9A2C-F7832C9AE78F}.Release|x86.ActiveCfg = Release|Win32
		{35EC4D10-47B9-4ACB-9A2C-F7832C9AE78F}.Release|x86.Build.0 = Release|Win32
		{79331175-0FBF-4B2A-B311-F07B15ABCD41}.Debug_noDeubuger|Any CPU.ActiveCfg = Debug|Any CPU
		{79331175-0FBF-4B2A-B311-F07B15ABCD41}.Debug_noDeubuger|Any CPU.Build.0 = Debug|Any CPU
		{79331175-0FBF-4B2A-B311-F07B15ABCD41}.Debug_noDeubuger|arm64.ActiveCfg = Debug|arm64
		{79331175-0FBF-4B2A-B311-F07B15ABCD41}.Debug_noDeubuger|arm64.Build.0 = Debug|arm64
		{79331175-0FBF-4B2A-B311-F07B15ABCD41}.Debug_noDeubuger|x64.ActiveCfg = Debug|Any CPU
		{79331175-0FBF-4B2A-B311-F07B15ABCD41}.Debug_noDeubuger|x64.Build.0 = Debug|Any CPU
		{79331175-0FBF-4B2A-B311-F07B15ABCD41}.Debug_noDeubuger|x86.ActiveCfg = Debug|x86
		{79331175-0FBF-4B2A-B311-F07B15ABCD41}.Debug_noDeubuger|x86.Build.0 = Debug|x86
		{79331175-0FBF-4B2A-B311-F07B15ABCD41}.Debug|Any CPU.ActiveCfg = Debug|Any CPU
		{79331175-0FBF-4B2A-B311-F07B15ABCD41}.Debug|Any CPU.Build.0 = Debug|Any CPU
		{79331175-0FBF-4B2A-B311-F07B15ABCD41}.Debug|arm64.ActiveCfg = Debug|arm64
		{79331175-0FBF-4B2A-B311-F07B15ABCD41}.Debug|arm64.Build.0 = Debug|arm64
		{79331175-0FBF-4B2A-B311-F07B15ABCD41}.Debug|x64.ActiveCfg = Debug|Any CPU
		{79331175-0FBF-4B2A-B311-F07B15ABCD41}.Debug|x64.Build.0 = Debug|Any CPU
		{79331175-0FBF-4B2A-B311-F07B15ABCD41}.Debug|x86.ActiveCfg = Debug|x86
		{79331175-0FBF-4B2A-B311-F07B15ABCD41}.Debug|x86.Build.0 = Debug|x86
		{79331175-0FBF-4B2A-B311-F07B15ABCD41}.Release|Any CPU.ActiveCfg = Release|Any CPU
		{79331175-0FBF-4B2A-B311-F07B15ABCD41}.Release|Any CPU.Build.0 = Release|Any CPU
		{79331175-0FBF-4B2A-B311-F07B15ABCD41}.Release|arm64.ActiveCfg = Release|arm64
		{79331175-0FBF-4B2A-B311-F07B15ABCD41}.Release|arm64.Build.0 = Release|arm64
		{79331175-0FBF-4B2A-B311-F07B15ABCD41}.Release|x64.ActiveCfg = Release|Any CPU
		{79331175-0FBF-4B2A-B311-F07B15ABCD41}.Release|x64.Build.0 = Release|Any CPU
		{79331175-0FBF-4B2A-B311-F07B15ABCD41}.Release|x86.ActiveCfg = Release|x86
		{79331175-0FBF-4B2A-B311-F07B15ABCD41}.Release|x86.Build.0 = Release|x86
		{94113D42-E9B1-41F0-B61A-7741D442E092}.Debug_noDeubuger|Any CPU.ActiveCfg = Debug|x64
		{94113D42-E9B1-41F0-B61A-7741D442E092}.Debug_noDeubuger|Any CPU.Build.0 = Debug|x64
		{94113D42-E9B1-41F0-B61A-7741D442E092}.Debug_noDeubuger|arm64.ActiveCfg = Debug|x64
		{94113D42-E9B1-41F0-B61A-7741D442E092}.Debug_noDeubuger|arm64.Build.0 = Debug|x64
		{94113D42-E9B1-41F0-B61A-7741D442E092}.Debug_noDeubuger|x64.ActiveCfg = Debug|x64
		{94113D42-E9B1-41F0-B61A-7741D442E092}.Debug_noDeubuger|x64.Build.0 = Debug|x64
		{94113D42-E9B1-41F0-B61A-7741D442E092}.Debug_noDeubuger|x86.ActiveCfg = Debug|Win32
		{94113D42-E9B1-41F0-B61A-7741D442E092}.Debug_noDeubuger|x86.Build.0 = Debug|Win32
		{94113D42-E9B1-41F0-B61A-7741D442E092}.Debug|Any CPU.ActiveCfg = Debug|x64
		{94113D42-E9B1-41F0-B61A-7741D442E092}.Debug|Any CPU.Build.0 = Debug|x64
		{94113D42-E9B1-41F0-B61A-7741D442E092}.Debug|arm64.ActiveCfg = Debug|x64
		{94113D42-E9B1-41F0-B61A-7741D442E092}.Debug|arm64.Build.0 = Debug|x64
		{94113D42-E9B1-41F0-B61A-7741D442E092}.Debug|x64.ActiveCfg = Debug|x64
		{94113D42-E9B1-41F0-B61A-7741D442E092}.Debug|x64.Build.0 = Debug|x64
		{94113D42-E9B1-41F0-B61A-7741D442E092}.Debug|x86.ActiveCfg = Debug|Win32
		{94113D42-E9B1-41F0-B61A-7741D442E092}.Debug|x86.Build.0 = Debug|Win32
		{94113D42-E9B1-41F0-B61A-7741D442E092}.Release|Any CPU.ActiveCfg = Release|x64
		{94113D42-E9B1-41F0-B61A-7741D442E092}.Release|Any CPU.Build.0 = Release|x64
		{94113D42-E9B1-41F0-B61A-7741D442E092}.Release|arm64.ActiveCfg = Release|x64
		{94113D42-E9B1-41F0-B61A-7741D442E092}.Release|arm64.Build.0 = Release|x64
		{94113D42-E9B1-41F0-B61A-7741D442E092}.Release|x64.ActiveCfg = Release|x64
		{94113D42-E9B1-41F0-B61A-7741D442E092}.Release|x64.Build.0 = Release|x64
		{94113D42-E9B1-41F0-B61A-7741D442E092}.Release|x86.ActiveCfg = Release|Win32
		{94113D42-E9B1-41F0-B61A-7741D442E092}.Release|x86.Build.0 = Release|Win32
		{43724575-C520-5503-B89B-9CC81FE3364A}.Debug_noDeubuger|Any CPU.ActiveCfg = Debug|x64
		{43724575-C520-5503-B89B-9CC81FE3364A}.Debug_noDeubuger|Any CPU.Build.0 = Debug|x64
		{43724575-C520-5503-B89B-9CC81FE3364A}.Debug_noDeubuger|arm64.ActiveCfg = Debug|x64
		{43724575-C520-5503-B89B-9CC81FE3364A}.Debug_noDeubuger|arm64.Build.0 = Debug|x64
		{43724575-C520-5503-B89B-9CC81FE3364A}.Debug_noDeubuger|x64.ActiveCfg = Debug|x64
		{43724575-C520-5503-B89B-9CC81FE3364A}.Debug_noDeubuger|x64.Build.0 = Debug|x64
		{43724575-C520-5503-B89B-9CC81FE3364A}.Debug_noDeubuger|x86.ActiveCfg = Debug|Win32
		{43724575-C520-5503-B89B-9CC81FE3364A}.Debug_noDeubuger|x86.Build.0 = Debug|Win32
		{43724575-C520-5503-B89B-9CC81FE3364A}.Debug|Any CPU.ActiveCfg = Debug|x64
		{43724575-C520-5503-B89B-9CC81FE3364A}.Debug|Any CPU.Build.0 = Debug|x64
		{43724575-C520-5503-B89B-9CC81FE3364A}.Debug|arm64.ActiveCfg = Debug|x64
		{43724575-C520-5503-B89B-9CC81FE3364A}.Debug|arm64.Build.0 = Debug|x64
		{43724575-C520-5503-B89B-9CC81FE3364A}.Debug|x64.ActiveCfg = Debug|x64
		{43724575-C520-5503-B89B-9CC81FE3364A}.Debug|x64.Build.0 = Debug|x64
		{43724575-C520-5503-B89B-9CC81FE3364A}.Debug|x86.ActiveCfg = Debug|Win32
		{43724575-C520-5503-B89B-9CC81FE3364A}.Debug|x86.Build.0 = Debug|Win32
		{43724575-C520-5503-B89B-9CC81FE3364A}.Release|Any CPU.ActiveCfg = Release|x64
		{43724575-C520-5503-B89B-9CC81FE3364A}.Release|Any CPU.Build.0 = Release|x64
		{43724575-C520-5503-B89B-9CC81FE3364A}.Release|arm64.ActiveCfg = Release|x64
		{43724575-C520-5503-B89B-9CC81FE3364A}.Release|arm64.Build.0 = Release|x64
		{43724575-C520-5503-B89B-9CC81FE3364A}.Release|x64.ActiveCfg = Release|x64
		{43724575-C520-5503-B89B-9CC81FE3364A}.Release|x64.Build.0 = Release|x64
		{43724575-C520-5503-B89B-9CC81FE3364A}.Release|x86.ActiveCfg = Release|Win32
		{43724575-C520-5503-B89B-9CC81FE3364A}.Release|x86.Build.0 = Release|Win32
		{6F2AD664-E866-4B22-8E82-92160B5B6EED}.Debug_noDeubuger|Any CPU.ActiveCfg = Debug|x64
		{6F2AD664-E866-4B22-8E82-92160B5B6EED}.Debug_noDeubuger|Any CPU.Build.0 = Debug|x64
		{6F2AD664-E866-4B22-8E82-92160B5B6EED}.Debug_noDeubuger|arm64.ActiveCfg = Debug|x64
		{6F2AD664-E866-4B22-8E82-92160B5B6EED}.Debug_noDeubuger|arm64.Build.0 = Debug|x64
		{6F2AD664-E866-4B22-8E82-92160B5B6EED}.Debug_noDeubuger|x64.ActiveCfg = Debug|x64
		{6F2AD664-E866-4B22-8E82-92160B5B6EED}.Debug_noDeubuger|x64.Build.0 = Debug|x64
		{6F2AD664-E866-4B22-8E82-92160B5B6EED}.Debug_noDeubuger|x86.ActiveCfg = Debug|Win32
		{6F2AD664-E866-4B22-8E82-92160B5B6EED}.Debug_noDeubuger|x86.Build.0 = Debug|Win32
		{6F2AD664-E866-4B22-8E82-92160B5B6EED}.Debug|Any CPU.ActiveCfg = Debug|x64
		{6F2AD664-E866-4B22-8E82-92160B5B6EED}.Debug|Any CPU.Build.0 = Debug|x64
		{6F2AD664-E866-4B22-8E82-92160B5B6EED}.Debug|arm64.ActiveCfg = Debug|x64
		{6F2AD664-E866-4B22-8E82-92160B5B6EED}.Debug|arm64.Build.0 = Debug|x64
		{6F2AD664-E866-4B22-8E82-92160B5B6EED}.Debug|x64.ActiveCfg = Debug|x64
		{6F2AD664-E866-4B22-8E82-92160B5B6EED}.Debug|x64.Build.0 = Debug|x64
		{6F2AD664-E866-4B22-8E82-92160B5B6EED}.Debug|x86.ActiveCfg = Debug|Win32
		{6F2AD664-E866-4B22-8E82-92160B5B6EED}.Debug|x86.Build.0 = Debug|Win32
		{6F2AD664-E866-4B22-8E82-92160B5B6EED}.Release|Any CPU.ActiveCfg = Release|x64
		{6F2AD664-E866-4B22-8E82-92160B5B6EED}.Release|Any CPU.Build.0 = Release|x64
		{6F2AD664-E866-4B22-8E82-92160B5B6EED}.Release|arm64.ActiveCfg = Release|x64
		{6F2AD664-E866-4B22-8E82-92160B5B6EED}.Release|arm64.Build.0 = Release|x64
		{6F2AD664-E866-4B22-8E82-92160B5B6EED}.Release|x64.ActiveCfg = Release|x64
		{6F2AD664-E866-4B22-8E82-92160B5B6EED}.Release|x64.Build.0 = Release|x64
		{6F2AD664-E866-4B22-8E82-92160B5B6EED}.Release|x86.ActiveCfg = Release|Win32
		{6F2AD664-E866-4B22-8E82-92160B5B6EED}.Release|x86.Build.0 = Release|Win32
	EndGlobalSection
	GlobalSection(SolutionProperties) = preSolution
		HideSolutionNode = FALSE
	EndGlobalSection
	GlobalSection(ExtensibilityGlobals) = postSolution
		SolutionGuid = {2E8028E2-A0C7-4EAC-982D-7DB47E10A81C}
	EndGlobalSection
EndGlobal
